// !$*UTF8*$!
{
	archiveVersion = 1;
	classes = {
	};
	objectVersion = 50;
	objects = {

/* Begin PBXBuildFile section */
		45801D0622CA909B0037D0B7 /* AppDelegate.swift in Sources */ = {isa = PBXBuildFile; fileRef = 45801D0522CA909B0037D0B7 /* AppDelegate.swift */; };
		45801D0822CA909B0037D0B7 /* MainViewController.swift in Sources */ = {isa = PBXBuildFile; fileRef = 45801D0722CA909B0037D0B7 /* MainViewController.swift */; };
		45801D0B22CA909B0037D0B7 /* Main.storyboard in Resources */ = {isa = PBXBuildFile; fileRef = 45801D0922CA909B0037D0B7 /* Main.storyboard */; };
		45801D0D22CA909F0037D0B7 /* Assets.xcassets in Resources */ = {isa = PBXBuildFile; fileRef = 45801D0C22CA909F0037D0B7 /* Assets.xcassets */; };
		45801D1022CA909F0037D0B7 /* LaunchScreen.storyboard in Resources */ = {isa = PBXBuildFile; fileRef = 45801D0E22CA909F0037D0B7 /* LaunchScreen.storyboard */; };
		45801D1922CA92010037D0B7 /* Constants.swift in Sources */ = {isa = PBXBuildFile; fileRef = 45801D1822CA92010037D0B7 /* Constants.swift */; };
		45801D2322CA94A80037D0B7 /* ArticleCell.swift in Sources */ = {isa = PBXBuildFile; fileRef = 45801D2122CA94A80037D0B7 /* ArticleCell.swift */; };
		45801D2422CA94A80037D0B7 /* ArticleCell.xib in Resources */ = {isa = PBXBuildFile; fileRef = 45801D2222CA94A80037D0B7 /* ArticleCell.xib */; };
		45801D2622CA98D30037D0B7 /* News.swift in Sources */ = {isa = PBXBuildFile; fileRef = 45801D2522CA98D30037D0B7 /* News.swift */; };
		45801D2B22CA9B680037D0B7 /* ArticleDetailVC.swift in Sources */ = {isa = PBXBuildFile; fileRef = 45801D2A22CA9B680037D0B7 /* ArticleDetailVC.swift */; };
		45801D2E22CAA04D0037D0B7 /* FetchController.swift in Sources */ = {isa = PBXBuildFile; fileRef = 45801D2D22CAA04D0037D0B7 /* FetchController.swift */; };
/* End PBXBuildFile section */

/* Begin PBXFileReference section */
		45801D0222CA909B0037D0B7 /* SwiftNews.app */ = {isa = PBXFileReference; explicitFileType = wrapper.application; includeInIndex = 0; path = SwiftNews.app; sourceTree = BUILT_PRODUCTS_DIR; };
		45801D0522CA909B0037D0B7 /* AppDelegate.swift */ = {isa = PBXFileReference; lastKnownFileType = sourcecode.swift; path = AppDelegate.swift; sourceTree = "<group>"; };
		45801D0722CA909B0037D0B7 /* MainViewController.swift */ = {isa = PBXFileReference; lastKnownFileType = sourcecode.swift; path = MainViewController.swift; sourceTree = "<group>"; };
		45801D0A22CA909B0037D0B7 /* Base */ = {isa = PBXFileReference; lastKnownFileType = file.storyboard; name = Base; path = Base.lproj/Main.storyboard; sourceTree = "<group>"; };
		45801D0C22CA909F0037D0B7 /* Assets.xcassets */ = {isa = PBXFileReference; lastKnownFileType = folder.assetcatalog; path = Assets.xcassets; sourceTree = "<group>"; };
		45801D0F22CA909F0037D0B7 /* Base */ = {isa = PBXFileReference; lastKnownFileType = file.storyboard; name = Base; path = Base.lproj/LaunchScreen.storyboard; sourceTree = "<group>"; };
		45801D1122CA909F0037D0B7 /* Info.plist */ = {isa = PBXFileReference; lastKnownFileType = text.plist.xml; path = Info.plist; sourceTree = "<group>"; };
		45801D1822CA92010037D0B7 /* Constants.swift */ = {isa = PBXFileReference; lastKnownFileType = sourcecode.swift; path = Constants.swift; sourceTree = "<group>"; };
		45801D2122CA94A80037D0B7 /* ArticleCell.swift */ = {isa = PBXFileReference; lastKnownFileType = sourcecode.swift; path = ArticleCell.swift; sourceTree = "<group>"; };
		45801D2222CA94A80037D0B7 /* ArticleCell.xib */ = {isa = PBXFileReference; lastKnownFileType = file.xib; path = ArticleCell.xib; sourceTree = "<group>"; };
		45801D2522CA98D30037D0B7 /* News.swift */ = {isa = PBXFileReference; lastKnownFileType = sourcecode.swift; path = News.swift; sourceTree = "<group>"; };
		45801D2A22CA9B680037D0B7 /* ArticleDetailVC.swift */ = {isa = PBXFileReference; lastKnownFileType = sourcecode.swift; path = ArticleDetailVC.swift; sourceTree = "<group>"; };
		45801D2D22CAA04D0037D0B7 /* FetchController.swift */ = {isa = PBXFileReference; lastKnownFileType = sourcecode.swift; path = FetchController.swift; sourceTree = "<group>"; };
/* End PBXFileReference section */

/* Begin PBXFrameworksBuildPhase section */
		45801CFF22CA909B0037D0B7 /* Frameworks */ = {
			isa = PBXFrameworksBuildPhase;
			buildActionMask = 2147483647;
			files = (
			);
			runOnlyForDeploymentPostprocessing = 0;
		};
/* End PBXFrameworksBuildPhase section */

/* Begin PBXGroup section */
		45801CF922CA909B0037D0B7 = {
			isa = PBXGroup;
			children = (
				45801D0422CA909B0037D0B7 /* SwiftNews */,
				45801D0322CA909B0037D0B7 /* Products */,
			);
			sourceTree = "<group>";
		};
		45801D0322CA909B0037D0B7 /* Products */ = {
			isa = PBXGroup;
			children = (
				45801D0222CA909B0037D0B7 /* SwiftNews.app */,
			);
			name = Products;
			sourceTree = "<group>";
		};
		45801D0422CA909B0037D0B7 /* SwiftNews */ = {
			isa = PBXGroup;
			children = (
				45801D0522CA909B0037D0B7 /* AppDelegate.swift */,
				45801D2C22CAA0350037D0B7 /* Controller */,
				45801D1722CA91F20037D0B7 /* Common */,
				45801D2722CA98D80037D0B7 /* Model */,
				45801D1C22CA92CC0037D0B7 /* Views */,
				45801D0922CA909B0037D0B7 /* Main.storyboard */,
				45801D0C22CA909F0037D0B7 /* Assets.xcassets */,
				45801D0E22CA909F0037D0B7 /* LaunchScreen.storyboard */,
				45801D1122CA909F0037D0B7 /* Info.plist */,
			);
			path = SwiftNews;
			sourceTree = "<group>";
		};
		45801D1722CA91F20037D0B7 /* Common */ = {
			isa = PBXGroup;
			children = (
				45801D1822CA92010037D0B7 /* Constants.swift */,
			);
			path = Common;
			sourceTree = "<group>";
		};
		45801D1C22CA92CC0037D0B7 /* Views */ = {
			isa = PBXGroup;
			children = (
				45801D0722CA909B0037D0B7 /* MainViewController.swift */,
				45801D2022CA94850037D0B7 /* Cell */,
				45801D2922CA9B470037D0B7 /* ArticleDetail */,
			);
			path = Views;
			sourceTree = "<group>";
		};
		45801D2022CA94850037D0B7 /* Cell */ = {
			isa = PBXGroup;
			children = (
				45801D2122CA94A80037D0B7 /* ArticleCell.swift */,
				45801D2222CA94A80037D0B7 /* ArticleCell.xib */,
			);
			path = Cell;
			sourceTree = "<group>";
		};
		45801D2722CA98D80037D0B7 /* Model */ = {
			isa = PBXGroup;
			children = (
				45801D2522CA98D30037D0B7 /* News.swift */,
			);
			path = Model;
			sourceTree = "<group>";
		};
		45801D2922CA9B470037D0B7 /* ArticleDetail */ = {
			isa = PBXGroup;
			children = (
				45801D2A22CA9B680037D0B7 /* ArticleDetailVC.swift */,
			);
			path = ArticleDetail;
			sourceTree = "<group>";
		};
		45801D2C22CAA0350037D0B7 /* Controller */ = {
			isa = PBXGroup;
			children = (
				45801D2D22CAA04D0037D0B7 /* FetchController.swift */,
			);
			path = Controller;
			sourceTree = "<group>";
		};
/* End PBXGroup section */

/* Begin PBXNativeTarget section */
		45801D0122CA909B0037D0B7 /* SwiftNews */ = {
			isa = PBXNativeTarget;
			buildConfigurationList = 45801D1422CA909F0037D0B7 /* Build configuration list for PBXNativeTarget "SwiftNews" */;
			buildPhases = (
				45801CFE22CA909B0037D0B7 /* Sources */,
				45801CFF22CA909B0037D0B7 /* Frameworks */,
				45801D0022CA909B0037D0B7 /* Resources */,
			);
			buildRules = (
			);
			dependencies = (
			);
			name = SwiftNews;
			productName = SwiftNews;
			productReference = 45801D0222CA909B0037D0B7 /* SwiftNews.app */;
			productType = "com.apple.product-type.application";
		};
/* End PBXNativeTarget section */

/* Begin PBXProject section */
		45801CFA22CA909B0037D0B7 /* Project object */ = {
			isa = PBXProject;
			attributes = {
				LastSwiftUpdateCheck = 1020;
				LastUpgradeCheck = 1020;
				ORGANIZATIONNAME = "Alfredo Fernandes";
				TargetAttributes = {
					45801D0122CA909B0037D0B7 = {
						CreatedOnToolsVersion = 10.2.1;
					};
				};
			};
			buildConfigurationList = 45801CFD22CA909B0037D0B7 /* Build configuration list for PBXProject "SwiftNews" */;
			compatibilityVersion = "Xcode 9.3";
			developmentRegion = en;
			hasScannedForEncodings = 0;
			knownRegions = (
				en,
				Base,
			);
			mainGroup = 45801CF922CA909B0037D0B7;
			productRefGroup = 45801D0322CA909B0037D0B7 /* Products */;
			projectDirPath = "";
			projectRoot = "";
			targets = (
				45801D0122CA909B0037D0B7 /* SwiftNews */,
			);
		};
/* End PBXProject section */

/* Begin PBXResourcesBuildPhase section */
		45801D0022CA909B0037D0B7 /* Resources */ = {
			isa = PBXResourcesBuildPhase;
			buildActionMask = 2147483647;
			files = (
				45801D2422CA94A80037D0B7 /* ArticleCell.xib in Resources */,
				45801D1022CA909F0037D0B7 /* LaunchScreen.storyboard in Resources */,
				45801D0D22CA909F0037D0B7 /* Assets.xcassets in Resources */,
				45801D0B22CA909B0037D0B7 /* Main.storyboard in Resources */,
			);
			runOnlyForDeploymentPostprocessing = 0;
		};
/* End PBXResourcesBuildPhase section */

/* Begin PBXSourcesBuildPhase section */
		45801CFE22CA909B0037D0B7 /* Sources */ = {
			isa = PBXSourcesBuildPhase;
			buildActionMask = 2147483647;
			files = (
				45801D2B22CA9B680037D0B7 /* ArticleDetailVC.swift in Sources */,
				45801D2322CA94A80037D0B7 /* ArticleCell.swift in Sources */,
				45801D2E22CAA04D0037D0B7 /* FetchController.swift in Sources */,
				45801D0822CA909B0037D0B7 /* MainViewController.swift in Sources */,
				45801D0622CA909B0037D0B7 /* AppDelegate.swift in Sources */,
				45801D2622CA98D30037D0B7 /* News.swift in Sources */,
				45801D1922CA92010037D0B7 /* Constants.swift in Sources */,
			);
			runOnlyForDeploymentPostprocessing = 0;
		};
/* End PBXSourcesBuildPhase section */

/* Begin PBXVariantGroup section */
		45801D0922CA909B0037D0B7 /* Main.storyboard */ = {
			isa = PBXVariantGroup;
			children = (
				45801D0A22CA909B0037D0B7 /* Base */,
			);
			name = Main.storyboard;
			sourceTree = "<group>";
		};
		45801D0E22CA909F0037D0B7 /* LaunchScreen.storyboard */ = {
			isa = PBXVariantGroup;
			children = (
				45801D0F22CA909F0037D0B7 /* Base */,
			);
			name = LaunchScreen.storyboard;
			sourceTree = "<group>";
		};
/* End PBXVariantGroup section */

/* Begin XCBuildConfiguration section */
		45801D1222CA909F0037D0B7 /* Debug */ = {
			isa = XCBuildConfiguration;
			buildSettings = {
				ALWAYS_SEARCH_USER_PATHS = NO;
				CLANG_ANALYZER_NONNULL = YES;
				CLANG_ANALYZER_NUMBER_OBJECT_CONVERSION = YES_AGGRESSIVE;
				CLANG_CXX_LANGUAGE_STANDARD = "gnu++14";
				CLANG_CXX_LIBRARY = "libc++";
				CLANG_ENABLE_MODULES = YES;
				CLANG_ENABLE_OBJC_ARC = YES;
				CLANG_ENABLE_OBJC_WEAK = YES;
				CLANG_WARN_BLOCK_CAPTURE_AUTORELEASING = YES;
				CLANG_WARN_BOOL_CONVERSION = YES;
				CLANG_WARN_COMMA = YES;
				CLANG_WARN_CONSTANT_CONVERSION = YES;
				CLANG_WARN_DEPRECATED_OBJC_IMPLEMENTATIONS = YES;
				CLANG_WARN_DIRECT_OBJC_ISA_USAGE = YES_ERROR;
				CLANG_WARN_DOCUMENTATION_COMMENTS = YES;
				CLANG_WARN_EMPTY_BODY = YES;
				CLANG_WARN_ENUM_CONVERSION = YES;
				CLANG_WARN_INFINITE_RECURSION = YES;
				CLANG_WARN_INT_CONVERSION = YES;
				CLANG_WARN_NON_LITERAL_NULL_CONVERSION = YES;
				CLANG_WARN_OBJC_IMPLICIT_RETAIN_SELF = YES;
				CLANG_WARN_OBJC_LITERAL_CONVERSION = YES;
				CLANG_WARN_OBJC_ROOT_CLASS = YES_ERROR;
				CLANG_WARN_RANGE_LOOP_ANALYSIS = YES;
				CLANG_WARN_STRICT_PROTOTYPES = YES;
				CLANG_WARN_SUSPICIOUS_MOVE = YES;
				CLANG_WARN_UNGUARDED_AVAILABILITY = YES_AGGRESSIVE;
				CLANG_WARN_UNREACHABLE_CODE = YES;
				CLANG_WARN__DUPLICATE_METHOD_MATCH = YES;
				CODE_SIGN_IDENTITY = "iPhone Developer";
				COPY_PHASE_STRIP = NO;
				DEBUG_INFORMATION_FORMAT = dwarf;
				ENABLE_STRICT_OBJC_MSGSEND = YES;
				ENABLE_TESTABILITY = YES;
				GCC_C_LANGUAGE_STANDARD = gnu11;
				GCC_DYNAMIC_NO_PIC = NO;
				GCC_NO_COMMON_BLOCKS = YES;
				GCC_OPTIMIZATION_LEVEL = 0;
				GCC_PREPROCESSOR_DEFINITIONS = (
					"DEBUG=1",
					"$(inherited)",
				);
				GCC_WARN_64_TO_32_BIT_CONVERSION = YES;
				GCC_WARN_ABOUT_RETURN_TYPE = YES_ERROR;
				GCC_WARN_UNDECLARED_SELECTOR = YES;
				GCC_WARN_UNINITIALIZED_AUTOS = YES_AGGRESSIVE;
				GCC_WARN_UNUSED_FUNCTION = YES;
				GCC_WARN_UNUSED_VARIABLE = YES;
				IPHONEOS_DEPLOYMENT_TARGET = 12.2;
				MTL_ENABLE_DEBUG_INFO = INCLUDE_SOURCE;
				MTL_FAST_MATH = YES;
				ONLY_ACTIVE_ARCH = YES;
				SDKROOT = iphoneos;
				SWIFT_ACTIVE_COMPILATION_CONDITIONS = DEBUG;
				SWIFT_OPTIMIZATION_LEVEL = "-Onone";
			};
			name = Debug;
		};
		45801D1322CA909F0037D0B7 /* Release */ = {
			isa = XCBuildConfiguration;
			buildSettings = {
				ALWAYS_SEARCH_USER_PATHS = NO;
				CLANG_ANALYZER_NONNULL = YES;
				CLANG_ANALYZER_NUMBER_OBJECT_CONVERSION = YES_AGGRESSIVE;
				CLANG_CXX_LANGUAGE_STANDARD = "gnu++14";
				CLANG_CXX_LIBRARY = "libc++";
				CLANG_ENABLE_MODULES = YES;
				CLANG_ENABLE_OBJC_ARC = YES;
				CLANG_ENABLE_OBJC_WEAK = YES;
				CLANG_WARN_BLOCK_CAPTURE_AUTORELEASING = YES;
				CLANG_WARN_BOOL_CONVERSION = YES;
				CLANG_WARN_COMMA = YES;
				CLANG_WARN_CONSTANT_CONVERSION = YES;
				CLANG_WARN_DEPRECATED_OBJC_IMPLEMENTATIONS = YES;
				CLANG_WARN_DIRECT_OBJC_ISA_USAGE = YES_ERROR;
				CLANG_WARN_DOCUMENTATION_COMMENTS = YES;
				CLANG_WARN_EMPTY_BODY = YES;
				CLANG_WARN_ENUM_CONVERSION = YES;
				CLANG_WARN_INFINITE_RECURSION = YES;
				CLANG_WARN_INT_CONVERSION = YES;
				CLANG_WARN_NON_LITERAL_NULL_CONVERSION = YES;
				CLANG_WARN_OBJC_IMPLICIT_RETAIN_SELF = YES;
				CLANG_WARN_OBJC_LITERAL_CONVERSION = YES;
				CLANG_WARN_OBJC_ROOT_CLASS = YES_ERROR;
				CLANG_WARN_RANGE_LOOP_ANALYSIS = YES;
				CLANG_WARN_STRICT_PROTOTYPES = YES;
				CLANG_WARN_SUSPICIOUS_MOVE = YES;
				CLANG_WARN_UNGUARDED_AVAILABILITY = YES_AGGRESSIVE;
				CLANG_WARN_UNREACHABLE_CODE = YES;
				CLANG_WARN__DUPLICATE_METHOD_MATCH = YES;
				CODE_SIGN_IDENTITY = "iPhone Developer";
				COPY_PHASE_STRIP = NO;
				DEBUG_INFORMATION_FORMAT = "dwarf-with-dsym";
				ENABLE_NS_ASSERTIONS = NO;
				ENABLE_STRICT_OBJC_MSGSEND = YES;
				GCC_C_LANGUAGE_STANDARD = gnu11;
				GCC_NO_COMMON_BLOCKS = YES;
				GCC_WARN_64_TO_32_BIT_CONVERSION = YES;
				GCC_WARN_ABOUT_RETURN_TYPE = YES_ERROR;
				GCC_WARN_UNDECLARED_SELECTOR = YES;
				GCC_WARN_UNINITIALIZED_AUTOS = YES_AGGRESSIVE;
				GCC_WARN_UNUSED_FUNCTION = YES;
				GCC_WARN_UNUSED_VARIABLE = YES;
				IPHONEOS_DEPLOYMENT_TARGET = 12.2;
				MTL_ENABLE_DEBUG_INFO = NO;
				MTL_FAST_MATH = YES;
				SDKROOT = iphoneos;
				SWIFT_COMPILATION_MODE = wholemodule;
				SWIFT_OPTIMIZATION_LEVEL = "-O";
				VALIDATE_PRODUCT = YES;
			};
			name = Release;
		};
		45801D1522CA909F0037D0B7 /* Debug */ = {
			isa = XCBuildConfiguration;
			buildSettings = {
				ASSETCATALOG_COMPILER_APPICON_NAME = AppIcon;
				CODE_SIGN_STYLE = Automatic;
				DEVELOPMENT_TEAM = D7365P545W;
				INFOPLIST_FILE = SwiftNews/Info.plist;
				LD_RUNPATH_SEARCH_PATHS = (
					"$(inherited)",
					"@executable_path/Frameworks",
				);
				PRODUCT_BUNDLE_IDENTIFIER = com.alfredofernandes.SwiftNews;
				PRODUCT_NAME = "$(TARGET_NAME)";
				SWIFT_VERSION = 5.0;
				TARGETED_DEVICE_FAMILY = "1,2";
			};
			name = Debug;
		};
		45801D1622CA909F0037D0B7 /* Release */ = {
			isa = XCBuildConfiguration;
			buildSettings = {
				ASSETCATALOG_COMPILER_APPICON_NAME = AppIcon;
				CODE_SIGN_STYLE = Automatic;
				DEVELOPMENT_TEAM = D7365P545W;
				INFOPLIST_FILE = SwiftNews/Info.plist;
				LD_RUNPATH_SEARCH_PATHS = (
					"$(inherited)",
					"@executable_path/Frameworks",
				);
				PRODUCT_BUNDLE_IDENTIFIER = com.alfredofernandes.SwiftNews;
				PRODUCT_NAME = "$(TARGET_NAME)";
				SWIFT_VERSION = 5.0;
				TARGETED_DEVICE_FAMILY = "1,2";
			};
			name = Release;
		};
/* End XCBuildConfiguration section */

/* Begin XCConfigurationList section */
		45801CFD22CA909B0037D0B7 /* Build configuration list for PBXProject "SwiftNews" */ = {
			isa = XCConfigurationList;
			buildConfigurations = (
				45801D1222CA909F0037D0B7 /* Debug */,
				45801D1322CA909F0037D0B7 /* Release */,
			);
			defaultConfigurationIsVisible = 0;
			defaultConfigurationName = Release;
		};
		45801D1422CA909F0037D0B7 /* Build configuration list for PBXNativeTarget "SwiftNews" */ = {
			isa = XCConfigurationList;
			buildConfigurations = (
				45801D1522CA909F0037D0B7 /* Debug */,
				45801D1622CA909F0037D0B7 /* Release */,
			);
			defaultConfigurationIsVisible = 0;
			defaultConfigurationName = Release;
		};
/* End XCConfigurationList section */
	};
	rootObject = 45801CFA22CA909B0037D0B7 /* Project object */;
}
